
Microsoft Visual Studio Solution File, Format Version 12.00
# Visual Studio Version 16
VisualStudioVersion = 16.0.30114.105
MinimumVisualStudioVersion = 10.0.40219.1
Project("{FAE04EC0-301F-11D3-BF4B-00C04F79EFBC}") = "userRagistration", "userRagistration\userRagistration.csproj", "{7BC851F2-6718-49AB-8D8B-D997DB695A43}"
EndProject
Project("{FAE04EC0-301F-11D3-BF4B-00C04F79EFBC}") = "NUnitTestUser", "NUnitTestUser\NUnitTestUser.csproj", "{5161F670-8DBA-44DB-9E30-160AB246F8A5}"
EndProject
Global
	GlobalSection(SolutionConfigurationPlatforms) = preSolution
		Debug|Any CPU = Debug|Any CPU
		Release|Any CPU = Release|Any CPU
	EndGlobalSection
	GlobalSection(ProjectConfigurationPlatforms) = postSolution
		{7BC851F2-6718-49AB-8D8B-D997DB695A43}.Debug|Any CPU.ActiveCfg = Debug|Any CPU
		{7BC851F2-6718-49AB-8D8B-D997DB695A43}.Debug|Any CPU.Build.0 = Debug|Any CPU
		{7BC851F2-6718-49AB-8D8B-D997DB695A43}.Release|Any CPU.ActiveCfg = Release|Any CPU
		{7BC851F2-6718-49AB-8D8B-D997DB695A43}.Release|Any CPU.Build.0 = Release|Any CPU
		{5161F670-8DBA-44DB-9E30-160AB246F8A5}.Debug|Any CPU.ActiveCfg = Debug|Any CPU
		{5161F670-8DBA-44DB-9E30-160AB246F8A5}.Debug|Any CPU.Build.0 = Debug|Any CPU
		{5161F670-8DBA-44DB-9E30-160AB246F8A5}.Release|Any CPU.ActiveCfg = Release|Any CPU
		{5161F670-8DBA-44DB-9E30-160AB246F8A5}.Release|Any CPU.Build.0 = Release|Any CPU
	EndGlobalSection
	GlobalSection(SolutionProperties) = preSolution
		HideSolutionNode = FALSE
	EndGlobalSection
	GlobalSection(ExtensibilityGlobals) = postSolution
		SolutionGuid = {87479345-E766-4A8E-9245-0DAD2BAAB24D}
	EndGlobalSection
EndGlobal
